
Microsoft Visual Studio Solution File, Format Version 12.00
# Visual Studio Version 17
VisualStudioVersion = 17.14.37012.4
MinimumVisualStudioVersion = 10.0.40219.1
Project("{FAE04EC0-301F-11D3-BF4B-00C04F79EFBC}") = "StudentCourseManagement", "StudentCourseManagement\StudentCourseManagement.csproj", "{0198499F-766A-4C35-ABE7-6F4C3BADC2C5}"
EndProject
Project("{FAE04EC0-301F-11D3-BF4B-00C04F79EFBC}") = "StudentCourseManagement.Tests", "StudentCourseManagement.Tests\StudentCourseManagement.Tests.csproj", "{76A6B075-B9F2-5424-924D-5100092C55EF}"
EndProject
Global
	GlobalSection(SolutionConfigurationPlatforms) = preSolution
		Debug|Any CPU = Debug|Any CPU
		Release|Any CPU = Release|Any CPU
	EndGlobalSection
	GlobalSection(ProjectConfigurationPlatforms) = postSolution
		{0198499F-766A-4C35-ABE7-6F4C3BADC2C5}.Debug|Any CPU.ActiveCfg = Debug|Any CPU
		{0198499F-766A-4C35-ABE7-6F4C3BADC2C5}.Debug|Any CPU.Build.0 = Debug|Any CPU
		{0198499F-766A-4C35-ABE7-6F4C3BADC2C5}.Release|Any CPU.ActiveCfg = Release|Any CPU
		{0198499F-766A-4C35-ABE7-6F4C3BADC2C5}.Release|Any CPU.Build.0 = Release|Any CPU
		{76A6B075-B9F2-5424-924D-5100092C55EF}.Debug|Any CPU.ActiveCfg = Debug|Any CPU
		{76A6B075-B9F2-5424-924D-5100092C55EF}.Debug|Any CPU.Build.0 = Debug|Any CPU
		{76A6B075-B9F2-5424-924D-5100092C55EF}.Release|Any CPU.ActiveCfg = Release|Any CPU
		{76A6B075-B9F2-5424-924D-5100092C55EF}.Release|Any CPU.Build.0 = Release|Any CPU
	EndGlobalSection
	GlobalSection(SolutionProperties) = preSolution
		HideSolutionNode = FALSE
	EndGlobalSection
	GlobalSection(ExtensibilityGlobals) = postSolution
		SolutionGuid = {E2D298CD-16F1-4E52-9FE3-247ACB2A456B}
	EndGlobalSection
EndGlobal
